
Microsoft Visual Studio Solution File, Format Version 12.00
Project("{FAE04EC0-301F-11D3-BF4B-00C04F79EFBC}") = "Service.API", "Service.API\Service.API.csproj", "{77DF9E8B-C7ED-4208-B0EF-D4F402529511}"
EndProject
Project("{FAE04EC0-301F-11D3-BF4B-00C04F79EFBC}") = "Application", "Application\Application.csproj", "{82252A61-4A0A-4584-81BF-910CE71C0E29}"
EndProject
Project("{FAE04EC0-301F-11D3-BF4B-00C04F79EFBC}") = "Domain", "Domain\Domain.csproj", "{EF621ABC-504C-443E-B255-A6E43F4D687D}"
EndProject
Project("{FAE04EC0-301F-11D3-BF4B-00C04F79EFBC}") = "Infrastructure", "Infrastructure\Infrastructure.csproj", "{CC100465-F6DD-4662-B75A-2FB0FA09A8F7}"
EndProject
Project("{FAE04EC0-301F-11D3-BF4B-00C04F79EFBC}") = "Application.DTO", "Application.DTO\Application.DTO.csproj", "{E39E0799-3302-4E10-A154-02C75AFED6D2}"
EndProject
Project("{2150E333-8FDC-42A3-9474-1A3956D46DE8}") = "1-Services", "1-Services", "{759D54DA-9305-4BBC-B5D4-A472A6DE8B93}"
EndProject
Project("{2150E333-8FDC-42A3-9474-1A3956D46DE8}") = "2-Application", "2-Application", "{A2318E80-2CCE-4599-AE8D-D244EEB9B884}"
EndProject
Project("{2150E333-8FDC-42A3-9474-1A3956D46DE8}") = "3-Domain", "3-Domain", "{5E315791-8310-4400-8A20-648FC28A1BA0}"
EndProject
Project("{2150E333-8FDC-42A3-9474-1A3956D46DE8}") = "Infrastructure", "Infrastructure", "{072B5496-80E5-4677-9476-A1C0DFABAEC7}"
EndProject
Project("{FAE04EC0-301F-11D3-BF4B-00C04F79EFBC}") = "Application.Tests", "Application.Tests\Application.Tests.csproj", "{05D5ABAB-77B1-4F74-9C84-F4F9AFF80DE7}"
EndProject
Project("{FAE04EC0-301F-11D3-BF4B-00C04F79EFBC}") = "Domain.Tests", "Domain.Tests\Domain.Tests.csproj", "{A8A47291-2BFA-4B97-B32C-6610FAA3ED0D}"
EndProject
Project("{FAE04EC0-301F-11D3-BF4B-00C04F79EFBC}") = "Infrastructure.Tests", "Infrastructure\Infrastructure.Tests\Infrastructure.Tests.csproj", "{64B52CCE-A68B-481C-AFAD-8AC2F6CE5C17}"
EndProject
Global
	GlobalSection(SolutionConfigurationPlatforms) = preSolution
		Debug|Any CPU = Debug|Any CPU
		Release|Any CPU = Release|Any CPU
	EndGlobalSection
	GlobalSection(ProjectConfigurationPlatforms) = postSolution
		{77DF9E8B-C7ED-4208-B0EF-D4F402529511}.Debug|Any CPU.ActiveCfg = Debug|Any CPU
		{77DF9E8B-C7ED-4208-B0EF-D4F402529511}.Debug|Any CPU.Build.0 = Debug|Any CPU
		{77DF9E8B-C7ED-4208-B0EF-D4F402529511}.Release|Any CPU.ActiveCfg = Release|Any CPU
		{77DF9E8B-C7ED-4208-B0EF-D4F402529511}.Release|Any CPU.Build.0 = Release|Any CPU
		{82252A61-4A0A-4584-81BF-910CE71C0E29}.Debug|Any CPU.ActiveCfg = Debug|Any CPU
		{82252A61-4A0A-4584-81BF-910CE71C0E29}.Debug|Any CPU.Build.0 = Debug|Any CPU
		{82252A61-4A0A-4584-81BF-910CE71C0E29}.Release|Any CPU.ActiveCfg = Release|Any CPU
		{82252A61-4A0A-4584-81BF-910CE71C0E29}.Release|Any CPU.Build.0 = Release|Any CPU
		{EF621ABC-504C-443E-B255-A6E43F4D687D}.Debug|Any CPU.ActiveCfg = Debug|Any CPU
		{EF621ABC-504C-443E-B255-A6E43F4D687D}.Debug|Any CPU.Build.0 = Debug|Any CPU
		{EF621ABC-504C-443E-B255-A6E43F4D687D}.Release|Any CPU.ActiveCfg = Release|Any CPU
		{EF621ABC-504C-443E-B255-A6E43F4D687D}.Release|Any CPU.Build.0 = Release|Any CPU
		{CC100465-F6DD-4662-B75A-2FB0FA09A8F7}.Debug|Any CPU.ActiveCfg = Debug|Any CPU
		{CC100465-F6DD-4662-B75A-2FB0FA09A8F7}.Debug|Any CPU.Build.0 = Debug|Any CPU
		{CC100465-F6DD-4662-B75A-2FB0FA09A8F7}.Release|Any CPU.ActiveCfg = Release|Any CPU
		{CC100465-F6DD-4662-B75A-2FB0FA09A8F7}.Release|Any CPU.Build.0 = Release|Any CPU
		{E39E0799-3302-4E10-A154-02C75AFED6D2}.Debug|Any CPU.ActiveCfg = Debug|Any CPU
		{E39E0799-3302-4E10-A154-02C75AFED6D2}.Debug|Any CPU.Build.0 = Debug|Any CPU
		{E39E0799-3302-4E10-A154-02C75AFED6D2}.Release|Any CPU.ActiveCfg = Release|Any CPU
		{E39E0799-3302-4E10-A154-02C75AFED6D2}.Release|Any CPU.Build.0 = Release|Any CPU
		{05D5ABAB-77B1-4F74-9C84-F4F9AFF80DE7}.Debug|Any CPU.ActiveCfg = Debug|Any CPU
		{05D5ABAB-77B1-4F74-9C84-F4F9AFF80DE7}.Debug|Any CPU.Build.0 = Debug|Any CPU
		{05D5ABAB-77B1-4F74-9C84-F4F9AFF80DE7}.Release|Any CPU.ActiveCfg = Release|Any CPU
		{05D5ABAB-77B1-4F74-9C84-F4F9AFF80DE7}.Release|Any CPU.Build.0 = Release|Any CPU
		{A8A47291-2BFA-4B97-B32C-6610FAA3ED0D}.Debug|Any CPU.ActiveCfg = Debug|Any CPU
		{A8A47291-2BFA-4B97-B32C-6610FAA3ED0D}.Debug|Any CPU.Build.0 = Debug|Any CPU
		{A8A47291-2BFA-4B97-B32C-6610FAA3ED0D}.Release|Any CPU.ActiveCfg = Release|Any CPU
		{A8A47291-2BFA-4B97-B32C-6610FAA3ED0D}.Release|Any CPU.Build.0 = Release|Any CPU
		{64B52CCE-A68B-481C-AFAD-8AC2F6CE5C17}.Debug|Any CPU.ActiveCfg = Debug|Any CPU
		{64B52CCE-A68B-481C-AFAD-8AC2F6CE5C17}.Debug|Any CPU.Build.0 = Debug|Any CPU
		{64B52CCE-A68B-481C-AFAD-8AC2F6CE5C17}.Release|Any CPU.ActiveCfg = Release|Any CPU
		{64B52CCE-A68B-481C-AFAD-8AC2F6CE5C17}.Release|Any CPU.Build.0 = Release|Any CPU
	EndGlobalSection
	GlobalSection(NestedProjects) = preSolution
		{77DF9E8B-C7ED-4208-B0EF-D4F402529511} = {759D54DA-9305-4BBC-B5D4-A472A6DE8B93}
		{82252A61-4A0A-4584-81BF-910CE71C0E29} = {A2318E80-2CCE-4599-AE8D-D244EEB9B884}
		{E39E0799-3302-4E10-A154-02C75AFED6D2} = {A2318E80-2CCE-4599-AE8D-D244EEB9B884}
		{EF621ABC-504C-443E-B255-A6E43F4D687D} = {5E315791-8310-4400-8A20-648FC28A1BA0}
		{CC100465-F6DD-4662-B75A-2FB0FA09A8F7} = {072B5496-80E5-4677-9476-A1C0DFABAEC7}
		{05D5ABAB-77B1-4F74-9C84-F4F9AFF80DE7} = {A2318E80-2CCE-4599-AE8D-D244EEB9B884}
		{A8A47291-2BFA-4B97-B32C-6610FAA3ED0D} = {5E315791-8310-4400-8A20-648FC28A1BA0}
		{64B52CCE-A68B-481C-AFAD-8AC2F6CE5C17} = {072B5496-80E5-4677-9476-A1C0DFABAEC7}
	EndGlobalSection
EndGlobal
